Microsoft Visual Studio Solution File, Format Version 12.00
# Visual Studio Version 17
VisualStudioVersion = 17.3.32811.315
MinimumVisualStudioVersion = 10.0.40219.1
Project("{FAE04EC0-301F-11D3-BF4B-00C04F79EFBC}") = "DXFImporter", "DXFImporter.csproj", "{E1083E6F-23EE-4EC0-BEB5-6EAF10169C79}"
EndProject
Global
	GlobalSection(SolutionConfigurationPlatforms) = preSolution
		Debug|Any CPU = Debug|Any CPU
		Release|Any CPU = Release|Any CPU
	EndGlobalSection
	GlobalSection(ProjectConfigurationPlatforms) = postSolution
		{E1083E6F-23EE-4EC0-BEB5-6EAF10169C79}.Debug|Any CPU.ActiveCfg = Debug|Any CPU
		{E1083E6F-23EE-4EC0-BEB5-6EAF10169C79}.Debug|Any CPU.Build.0 = Debug|Any CPU
		{E1083E6F-23EE-4EC0-BEB5-6EAF10169C79}.Release|Any CPU.ActiveCfg = Release|Any CPU
		{E1083E6F-23EE-4EC0-BEB5-6EAF10169C79}.Release|Any CPU.Build.0 = Release|Any CPU
	EndGlobalSection
	GlobalSection(SolutionProperties) = preSolution
		HideSolutionNode = FALSE
	EndGlobalSection
	GlobalSection(ExtensibilityGlobals) = postSolution
		SolutionGuid = {E8BA0D1E-3C1E-479C-B6E7-77E4C0E6B5A2}
	EndGlobalSection
EndGlobal
