
Microsoft Visual Studio Solution File, Format Version 12.00
# Visual Studio Version 17
VisualStudioVersion = 17.3.32901.215
MinimumVisualStudioVersion = 10.0.40219.1
Project("{FAE04EC0-301F-11D3-BF4B-00C04F79EFBC}") = "Try_App", "Try_App.csproj", "{A34A6607-3D5D-49C0-916D-D4065E51BDA0}"
EndProject
Global
	GlobalSection(SolutionConfigurationPlatforms) = preSolution
		Debug|Any CPU = Debug|Any CPU
		Release|Any CPU = Release|Any CPU
	EndGlobalSection
	GlobalSection(ProjectConfigurationPlatforms) = postSolution
		{A34A6607-3D5D-49C0-916D-D4065E51BDA0}.Debug|Any CPU.ActiveCfg = Debug|Any CPU
		{A34A6607-3D5D-49C0-916D-D4065E51BDA0}.Debug|Any CPU.Build.0 = Debug|Any CPU
		{A34A6607-3D5D-49C0-916D-D4065E51BDA0}.Release|Any CPU.ActiveCfg = Release|Any CPU
		{A34A6607-3D5D-49C0-916D-D4065E51BDA0}.Release|Any CPU.Build.0 = Release|Any CPU
	EndGlobalSection
	GlobalSection(SolutionProperties) = preSolution
		HideSolutionNode = FALSE
	EndGlobalSection
	GlobalSection(ExtensibilityGlobals) = postSolution
		SolutionGuid = {E719C47D-80A5-4F8B-B189-D504355A9B07}
	EndGlobalSection
EndGlobal
